
Microsoft Visual Studio Solution File, Format Version 12.00
# Visual Studio 15
VisualStudioVersion = 15.0.26430.14
MinimumVisualStudioVersion = 10.0.40219.1
Project("{FAE04EC0-301F-11D3-BF4B-00C04F79EFBC}") = "FlandmarkSharp", "FlandmarkSharp\FlandmarkSharp.csproj", "{D5659E6E-D30D-4A29-80C4-C29B8E0EDAEF}"
EndProject
Project("{FAE04EC0-301F-11D3-BF4B-00C04F79EFBC}") = "FlandmarkSharp.Tests", "FlandmarkSharp.Tests\FlandmarkSharp.Tests.csproj", "{F74EAA2D-24C0-4916-A554-B789DFB37896}"
EndProject
Global
	GlobalSection(SolutionConfigurationPlatforms) = preSolution
		Debug|Any CPU = Debug|Any CPU
		Release|Any CPU = Release|Any CPU
	EndGlobalSection
	GlobalSection(ProjectConfigurationPlatforms) = postSolution
		{D5659E6E-D30D-4A29-80C4-C29B8E0EDAEF}.Debug|Any CPU.ActiveCfg = Debug|Any CPU
		{D5659E6E-D30D-4A29-80C4-C29B8E0EDAEF}.Debug|Any CPU.Build.0 = Debug|Any CPU
		{D5659E6E-D30D-4A29-80C4-C29B8E0EDAEF}.Release|Any CPU.ActiveCfg = Release|Any CPU
		{D5659E6E-D30D-4A29-80C4-C29B8E0EDAEF}.Release|Any CPU.Build.0 = Release|Any CPU
		{F74EAA2D-24C0-4916-A554-B789DFB37896}.Debug|Any CPU.ActiveCfg = Debug|Any CPU
		{F74EAA2D-24C0-4916-A554-B789DFB37896}.Debug|Any CPU.Build.0 = Debug|Any CPU
		{F74EAA2D-24C0-4916-A554-B789DFB37896}.Release|Any CPU.ActiveCfg = Release|Any CPU
		{F74EAA2D-24C0-4916-A554-B789DFB37896}.Release|Any CPU.Build.0 = Release|Any CPU
	EndGlobalSection
	GlobalSection(SolutionProperties) = preSolution
		HideSolutionNode = FALSE
	EndGlobalSection
EndGlobal
